
Microsoft Visual Studio Solution File, Format Version 11.00
# Visual Studio 2010
Project("{FAE04EC0-301F-11D3-BF4B-00C04F79EFBC}") = "kanji2gif", "kanji2gif\kanji2gif.csproj", "{E3D3E417-F718-4CE3-B31D-6338241B1CDB}"
EndProject
Global
	GlobalSection(SolutionConfigurationPlatforms) = preSolution
		Debug|x86 = Debug|x86
		Release|x86 = Release|x86
	EndGlobalSection
	GlobalSection(ProjectConfigurationPlatforms) = postSolution
		{E3D3E417-F718-4CE3-B31D-6338241B1CDB}.Debug|x86.ActiveCfg = Debug|x86
		{E3D3E417-F718-4CE3-B31D-6338241B1CDB}.Debug|x86.Build.0 = Debug|x86
		{E3D3E417-F718-4CE3-B31D-6338241B1CDB}.Release|x86.ActiveCfg = Release|x86
		{E3D3E417-F718-4CE3-B31D-6338241B1CDB}.Release|x86.Build.0 = Release|x86
	EndGlobalSection
	GlobalSection(SolutionProperties) = preSolution
		HideSolutionNode = FALSE
	EndGlobalSection
EndGlobal
